// !$*UTF8*$!
{
	archiveVersion = 1;
	classes = {
	};
	objectVersion = 51;
	objects = {

/* Begin PBXBuildFile section */
		181C9BBD24B2B0BF007DE048 /* Default-568h@2x.png in Resources */ = {isa = PBXBuildFile; fileRef = 181C9BBC24B2B0BD007DE048 /* Default-568h@2x.png */; };
		188A71AC24AC9F180088BDFA /* AppDelegate.swift in Sources */ = {isa = PBXBuildFile; fileRef = 188A71AB24AC9F180088BDFA /* AppDelegate.swift */; };
		188A71AE24AC9F180088BDFA /* SceneDelegate.swift in Sources */ = {isa = PBXBuildFile; fileRef = 188A71AD24AC9F180088BDFA /* SceneDelegate.swift */; };
		188A71B324AC9F180088BDFA /* Main.storyboard in Resources */ = {isa = PBXBuildFile; fileRef = 188A71B124AC9F180088BDFA /* Main.storyboard */; };
		188A71B524AC9F4B0088BDFA /* Assets.xcassets in Resources */ = {isa = PBXBuildFile; fileRef = 188A71B424AC9F4B0088BDFA /* Assets.xcassets */; };
		188A71B824AC9F4B0088BDFA /* LaunchScreen.storyboard in Resources */ = {isa = PBXBuildFile; fileRef = 188A71B624AC9F4B0088BDFA /* LaunchScreen.storyboard */; };
		188A71C324AC9F4D0088BDFA /* Project_NewTests.swift in Sources */ = {isa = PBXBuildFile; fileRef = 188A71C224AC9F4D0088BDFA /* Project_NewTests.swift */; };
		188A71DD24ACB1850088BDFA /* CustomExtension.swift in Sources */ = {isa = PBXBuildFile; fileRef = 188A71DC24ACB1850088BDFA /* CustomExtension.swift */; };
		188A71E024ACB1CA0088BDFA /* Constants.swift in Sources */ = {isa = PBXBuildFile; fileRef = 188A71DF24ACB1CA0088BDFA /* Constants.swift */; };
		188A71E524ACB3570088BDFA /* BaseViewController.swift in Sources */ = {isa = PBXBuildFile; fileRef = 188A71E424ACB3570088BDFA /* BaseViewController.swift */; };
		188A71E724ACB3990088BDFA /* UserContentListViewController.swift in Sources */ = {isa = PBXBuildFile; fileRef = 188A71E624ACB3990088BDFA /* UserContentListViewController.swift */; };
		188A71EA24ACB6F10088BDFA /* UserContentViewModel.swift in Sources */ = {isa = PBXBuildFile; fileRef = 188A71E924ACB6F10088BDFA /* UserContentViewModel.swift */; };
		188A71ED24ACBA850088BDFA /* Observable.swift in Sources */ = {isa = PBXBuildFile; fileRef = 188A71EC24ACBA850088BDFA /* Observable.swift */; };
		188A71F024ACBB670088BDFA /* UserContent.swift in Sources */ = {isa = PBXBuildFile; fileRef = 188A71EF24ACBB670088BDFA /* UserContent.swift */; };
		188A71F224ACBC170088BDFA /* CellViewModel.swift in Sources */ = {isa = PBXBuildFile; fileRef = 188A71F124ACBC170088BDFA /* CellViewModel.swift */; };
		188A71F524ACBC820088BDFA /* UserContentListTableViewCell.swift in Sources */ = {isa = PBXBuildFile; fileRef = 188A71F424ACBC820088BDFA /* UserContentListTableViewCell.swift */; };
		188A71F824ACBF9B0088BDFA /* BaseRestAPI.swift in Sources */ = {isa = PBXBuildFile; fileRef = 188A71F724ACBF9B0088BDFA /* BaseRestAPI.swift */; };
		188A71FA24ACBFF00088BDFA /* UserContentAPI.swift in Sources */ = {isa = PBXBuildFile; fileRef = 188A71F924ACBFF00088BDFA /* UserContentAPI.swift */; };
		188A71FD24ACC0420088BDFA /* AppManager.swift in Sources */ = {isa = PBXBuildFile; fileRef = 188A71FC24ACC0420088BDFA /* AppManager.swift */; };
		18BD725824AE28080048108F /* .swiftlint.yml in Resources */ = {isa = PBXBuildFile; fileRef = 18BD725724AE28080048108F /* .swiftlint.yml */; };
		18BD725A24AE2DB20048108F /* APIResponseCheck.swift in Sources */ = {isa = PBXBuildFile; fileRef = 18BD725924AE2DB20048108F /* APIResponseCheck.swift */; };
		275064BD7C58D73484C99599 /* Pods_Project_New.framework in Frameworks */ = {isa = PBXBuildFile; fileRef = 73853F727F826B308E1E9D93 /* Pods_Project_New.framework */; };
		9F896F87DD46987D5DC0742B /* Pods_Project_NewTests.framework in Frameworks */ = {isa = PBXBuildFile; fileRef = 5C261F39DEB76946EF2A34D0 /* Pods_Project_NewTests.framework */; };
/* End PBXBuildFile section */

/* Begin PBXContainerItemProxy section */
		188A71BF24AC9F4D0088BDFA /* PBXContainerItemProxy */ = {
			isa = PBXContainerItemProxy;
			containerPortal = 188A71A024AC9F170088BDFA /* Project object */;
			proxyType = 1;
			remoteGlobalIDString = 188A71A724AC9F170088BDFA;
			remoteInfo = Project_New;
		};
		188A71CA24AC9F4D0088BDFA /* PBXContainerItemProxy */ = {
			isa = PBXContainerItemProxy;
			containerPortal = 188A71A024AC9F170088BDFA /* Project object */;
			proxyType = 1;
			remoteGlobalIDString = 188A71A724AC9F170088BDFA;
			remoteInfo = Project_New;
		};
/* End PBXContainerItemProxy section */

/* Begin PBXFileReference section */
		181C9BBC24B2B0BD007DE048 /* Default-568h@2x.png */ = {isa = PBXFileReference; lastKnownFileType = image.png; path = "Default-568h@2x.png"; sourceTree = "<group>"; };
		188A71A824AC9F170088BDFA /* Project_New.app */ = {isa = PBXFileReference; explicitFileType = wrapper.application; includeInIndex = 0; path = Project_New.app; sourceTree = BUILT_PRODUCTS_DIR; };
		188A71AB24AC9F180088BDFA /* AppDelegate.swift */ = {isa = PBXFileReference; lastKnownFileType = sourcecode.swift; path = AppDelegate.swift; sourceTree = "<group>"; };
		188A71AD24AC9F180088BDFA /* SceneDelegate.swift */ = {isa = PBXFileReference; lastKnownFileType = sourcecode.swift; path = SceneDelegate.swift; sourceTree = "<group>"; };
		188A71B224AC9F180088BDFA /* Base */ = {isa = PBXFileReference; lastKnownFileType = file.storyboard; name = Base; path = Base.lproj/Main.storyboard; sourceTree = "<group>"; };
		188A71B424AC9F4B0088BDFA /* Assets.xcassets */ = {isa = PBXFileReference; lastKnownFileType = folder.assetcatalog; path = Assets.xcassets; sourceTree = "<group>"; };
		188A71B724AC9F4B0088BDFA /* Base */ = {isa = PBXFileReference; lastKnownFileType = file.storyboard; name = Base; path = Base.lproj/LaunchScreen.storyboard; sourceTree = "<group>"; };
		188A71B924AC9F4B0088BDFA /* Info.plist */ = {isa = PBXFileReference; lastKnownFileType = text.plist.xml; path = Info.plist; sourceTree = "<group>"; };
		188A71BE24AC9F4D0088BDFA /* Project_NewTests.xctest */ = {isa = PBXFileReference; explicitFileType = wrapper.cfbundle; includeInIndex = 0; path = Project_NewTests.xctest; sourceTree = BUILT_PRODUCTS_DIR; };
		188A71C224AC9F4D0088BDFA /* Project_NewTests.swift */ = {isa = PBXFileReference; lastKnownFileType = sourcecode.swift; path = Project_NewTests.swift; sourceTree = "<group>"; };
		188A71C424AC9F4D0088BDFA /* Info.plist */ = {isa = PBXFileReference; lastKnownFileType = text.plist.xml; path = Info.plist; sourceTree = "<group>"; };
		188A71C924AC9F4D0088BDFA /* Project_NewUITests.xctest */ = {isa = PBXFileReference; explicitFileType = wrapper.cfbundle; includeInIndex = 0; path = Project_NewUITests.xctest; sourceTree = BUILT_PRODUCTS_DIR; };
		188A71DC24ACB1850088BDFA /* CustomExtension.swift */ = {isa = PBXFileReference; lastKnownFileType = sourcecode.swift; path = CustomExtension.swift; sourceTree = "<group>"; };
		188A71DF24ACB1CA0088BDFA /* Constants.swift */ = {isa = PBXFileReference; lastKnownFileType = sourcecode.swift; path = Constants.swift; sourceTree = "<group>"; };
		188A71E424ACB3570088BDFA /* BaseViewController.swift */ = {isa = PBXFileReference; lastKnownFileType = sourcecode.swift; path = BaseViewController.swift; sourceTree = "<group>"; };
		188A71E624ACB3990088BDFA /* UserContentListViewController.swift */ = {isa = PBXFileReference; lastKnownFileType = sourcecode.swift; path = UserContentListViewController.swift; sourceTree = "<group>"; };
		188A71E924ACB6F10088BDFA /* UserContentViewModel.swift */ = {isa = PBXFileReference; lastKnownFileType = sourcecode.swift; path = UserContentViewModel.swift; sourceTree = "<group>"; };
		188A71EC24ACBA850088BDFA /* Observable.swift */ = {isa = PBXFileReference; lastKnownFileType = sourcecode.swift; path = Observable.swift; sourceTree = "<group>"; };
		188A71EF24ACBB670088BDFA /* UserContent.swift */ = {isa = PBXFileReference; lastKnownFileType = sourcecode.swift; path = UserContent.swift; sourceTree = "<group>"; };
		188A71F124ACBC170088BDFA /* CellViewModel.swift */ = {isa = PBXFileReference; lastKnownFileType = sourcecode.swift; path = CellViewModel.swift; sourceTree = "<group>"; };
		188A71F424ACBC820088BDFA /* UserContentListTableViewCell.swift */ = {isa = PBXFileReference; lastKnownFileType = sourcecode.swift; path = UserContentListTableViewCell.swift; sourceTree = "<group>"; };
		188A71F724ACBF9B0088BDFA /* BaseRestAPI.swift */ = {isa = PBXFileReference; lastKnownFileType = sourcecode.swift; path = BaseRestAPI.swift; sourceTree = "<group>"; };
		188A71F924ACBFF00088BDFA /* UserContentAPI.swift */ = {isa = PBXFileReference; lastKnownFileType = sourcecode.swift; path = UserContentAPI.swift; sourceTree = "<group>"; };
		188A71FC24ACC0420088BDFA /* AppManager.swift */ = {isa = PBXFileReference; lastKnownFileType = sourcecode.swift; path = AppManager.swift; sourceTree = "<group>"; };
		18BD725724AE28080048108F /* .swiftlint.yml */ = {isa = PBXFileReference; lastKnownFileType = text.yaml; path = .swiftlint.yml; sourceTree = "<group>"; };
		18BD725924AE2DB20048108F /* APIResponseCheck.swift */ = {isa = PBXFileReference; lastKnownFileType = sourcecode.swift; path = APIResponseCheck.swift; sourceTree = "<group>"; };
		5C261F39DEB76946EF2A34D0 /* Pods_Project_NewTests.framework */ = {isa = PBXFileReference; explicitFileType = wrapper.framework; includeInIndex = 0; path = Pods_Project_NewTests.framework; sourceTree = BUILT_PRODUCTS_DIR; };
		73853F727F826B308E1E9D93 /* Pods_Project_New.framework */ = {isa = PBXFileReference; explicitFileType = wrapper.framework; includeInIndex = 0; path = Pods_Project_New.framework; sourceTree = BUILT_PRODUCTS_DIR; };
		84E3B027E35163DF9DEEF97A /* Pods-Project_New.release.xcconfig */ = {isa = PBXFileReference; includeInIndex = 1; lastKnownFileType = text.xcconfig; name = "Pods-Project_New.release.xcconfig"; path = "Target Support Files/Pods-Project_New/Pods-Project_New.release.xcconfig"; sourceTree = "<group>"; };
		C474744ABBE84DA581376792 /* Pods-Project_New.debug.xcconfig */ = {isa = PBXFileReference; includeInIndex = 1; lastKnownFileType = text.xcconfig; name = "Pods-Project_New.debug.xcconfig"; path = "Target Support Files/Pods-Project_New/Pods-Project_New.debug.xcconfig"; sourceTree = "<group>"; };
		D0A0A8D66D44E89A4660BC2B /* Pods-Project_NewTests.debug.xcconfig */ = {isa = PBXFileReference; includeInIndex = 1; lastKnownFileType = text.xcconfig; name = "Pods-Project_NewTests.debug.xcconfig"; path = "Target Support Files/Pods-Project_NewTests/Pods-Project_NewTests.debug.xcconfig"; sourceTree = "<group>"; };
		E83C80D915E2FDB804023E82 /* Pods-Project_NewTests.release.xcconfig */ = {isa = PBXFileReference; includeInIndex = 1; lastKnownFileType = text.xcconfig; name = "Pods-Project_NewTests.release.xcconfig"; path = "Target Support Files/Pods-Project_NewTests/Pods-Project_NewTests.release.xcconfig"; sourceTree = "<group>"; };
/* End PBXFileReference section */

/* Begin PBXFrameworksBuildPhase section */
		188A71A524AC9F170088BDFA /* Frameworks */ = {
			isa = PBXFrameworksBuildPhase;
			buildActionMask = 2147483647;
			files = (
				275064BD7C58D73484C99599 /* Pods_Project_New.framework in Frameworks */,
			);
			runOnlyForDeploymentPostprocessing = 0;
		};
		188A71BB24AC9F4D0088BDFA /* Frameworks */ = {
			isa = PBXFrameworksBuildPhase;
			buildActionMask = 2147483647;
			files = (
				9F896F87DD46987D5DC0742B /* Pods_Project_NewTests.framework in Frameworks */,
			);
			runOnlyForDeploymentPostprocessing = 0;
		};
		188A71C624AC9F4D0088BDFA /* Frameworks */ = {
			isa = PBXFrameworksBuildPhase;
			buildActionMask = 2147483647;
			files = (
			);
			runOnlyForDeploymentPostprocessing = 0;
		};
/* End PBXFrameworksBuildPhase section */

/* Begin PBXGroup section */
		188A719F24AC9F170088BDFA = {
			isa = PBXGroup;
			children = (
				181C9BBC24B2B0BD007DE048 /* Default-568h@2x.png */,
				18BD725724AE28080048108F /* .swiftlint.yml */,
				188A71AA24AC9F170088BDFA /* Project_New */,
				188A71C124AC9F4D0088BDFA /* Project_NewTests */,
				188A71A924AC9F170088BDFA /* Products */,
				DD6BCC242F2A56F507DFAF16 /* Pods */,
				48A000E41BF8F6B0CB3CE2F3 /* Frameworks */,
			);
			sourceTree = "<group>";
		};
		188A71A924AC9F170088BDFA /* Products */ = {
			isa = PBXGroup;
			children = (
				188A71A824AC9F170088BDFA /* Project_New.app */,
				188A71BE24AC9F4D0088BDFA /* Project_NewTests.xctest */,
				188A71C924AC9F4D0088BDFA /* Project_NewUITests.xctest */,
			);
			name = Products;
			sourceTree = "<group>";
		};
		188A71AA24AC9F170088BDFA /* Project_New */ = {
			isa = PBXGroup;
			children = (
				188A71F624ACBF740088BDFA /* API Manager */,
				188A71F324ACBC550088BDFA /* View */,
				188A71EE24ACBB010088BDFA /* Model */,
				188A71EB24ACB76A0088BDFA /* observable */,
				188A71E824ACB6B50088BDFA /* ViewModel */,
				188A71E124ACB2C60088BDFA /* Controllers */,
				188A71DE24ACB1A90088BDFA /* Constant */,
				188A71DB24ACB14A0088BDFA /* CustomExtensions */,
				188A71AB24AC9F180088BDFA /* AppDelegate.swift */,
				188A71AD24AC9F180088BDFA /* SceneDelegate.swift */,
				188A71B124AC9F180088BDFA /* Main.storyboard */,
				188A71B424AC9F4B0088BDFA /* Assets.xcassets */,
				188A71B624AC9F4B0088BDFA /* LaunchScreen.storyboard */,
				188A71B924AC9F4B0088BDFA /* Info.plist */,
			);
			path = Project_New;
			sourceTree = "<group>";
		};
		188A71C124AC9F4D0088BDFA /* Project_NewTests */ = {
			isa = PBXGroup;
			children = (
				188A71C224AC9F4D0088BDFA /* Project_NewTests.swift */,
				18BD725924AE2DB20048108F /* APIResponseCheck.swift */,
				188A71C424AC9F4D0088BDFA /* Info.plist */,
			);
			path = Project_NewTests;
			sourceTree = "<group>";
		};
		188A71DB24ACB14A0088BDFA /* CustomExtensions */ = {
			isa = PBXGroup;
			children = (
				188A71DC24ACB1850088BDFA /* CustomExtension.swift */,
			);
			path = CustomExtensions;
			sourceTree = "<group>";
		};
		188A71DE24ACB1A90088BDFA /* Constant */ = {
			isa = PBXGroup;
			children = (
				188A71DF24ACB1CA0088BDFA /* Constants.swift */,
			);
			path = Constant;
			sourceTree = "<group>";
		};
		188A71E124ACB2C60088BDFA /* Controllers */ = {
			isa = PBXGroup;
			children = (
				188A71E324ACB3130088BDFA /* UserContent List */,
				188A71E224ACB30C0088BDFA /* Base Controller */,
			);
			path = Controllers;
			sourceTree = "<group>";
		};
		188A71E224ACB30C0088BDFA /* Base Controller */ = {
			isa = PBXGroup;
			children = (
				188A71E424ACB3570088BDFA /* BaseViewController.swift */,
			);
			path = "Base Controller";
			sourceTree = "<group>";
		};
		188A71E324ACB3130088BDFA /* UserContent List */ = {
			isa = PBXGroup;
			children = (
				188A71E624ACB3990088BDFA /* UserContentListViewController.swift */,
			);
			path = "UserContent List";
			sourceTree = "<group>";
		};
		188A71E824ACB6B50088BDFA /* ViewModel */ = {
			isa = PBXGroup;
			children = (
				188A71E924ACB6F10088BDFA /* UserContentViewModel.swift */,
				188A71F124ACBC170088BDFA /* CellViewModel.swift */,
			);
			path = ViewModel;
			sourceTree = "<group>";
		};
		188A71EB24ACB76A0088BDFA /* observable */ = {
			isa = PBXGroup;
			children = (
				188A71EC24ACBA850088BDFA /* Observable.swift */,
			);
			path = observable;
			sourceTree = "<group>";
		};
		188A71EE24ACBB010088BDFA /* Model */ = {
			isa = PBXGroup;
			children = (
				188A71EF24ACBB670088BDFA /* UserContent.swift */,
			);
			path = Model;
			sourceTree = "<group>";
		};
		188A71F324ACBC550088BDFA /* View */ = {
			isa = PBXGroup;
			children = (
				188A71F424ACBC820088BDFA /* UserContentListTableViewCell.swift */,
			);
			path = View;
			sourceTree = "<group>";
		};
		188A71F624ACBF740088BDFA /* API Manager */ = {
			isa = PBXGroup;
			children = (
				188A71F724ACBF9B0088BDFA /* BaseRestAPI.swift */,
				188A71F924ACBFF00088BDFA /* UserContentAPI.swift */,
				188A71FC24ACC0420088BDFA /* AppManager.swift */,
			);
			path = "API Manager";
			sourceTree = "<group>";
		};
		48A000E41BF8F6B0CB3CE2F3 /* Frameworks */ = {
			isa = PBXGroup;
			children = (
				73853F727F826B308E1E9D93 /* Pods_Project_New.framework */,
				5C261F39DEB76946EF2A34D0 /* Pods_Project_NewTests.framework */,
			);
			name = Frameworks;
			sourceTree = "<group>";
		};
		DD6BCC242F2A56F507DFAF16 /* Pods */ = {
			isa = PBXGroup;
			children = (
				C474744ABBE84DA581376792 /* Pods-Project_New.debug.xcconfig */,
				84E3B027E35163DF9DEEF97A /* Pods-Project_New.release.xcconfig */,
				D0A0A8D66D44E89A4660BC2B /* Pods-Project_NewTests.debug.xcconfig */,
				E83C80D915E2FDB804023E82 /* Pods-Project_NewTests.release.xcconfig */,
			);
			path = Pods;
			sourceTree = "<group>";
		};
/* End PBXGroup section */

/* Begin PBXNativeTarget section */
		188A71A724AC9F170088BDFA /* Project_New */ = {
			isa = PBXNativeTarget;
			buildConfigurationList = 188A71D224AC9F4D0088BDFA /* Build configuration list for PBXNativeTarget "Project_New" */;
			buildPhases = (
				D0C8CA1F8E94B1384E49873D /* [CP] Check Pods Manifest.lock */,
				188A71A424AC9F170088BDFA /* Sources */,
				188A71A524AC9F170088BDFA /* Frameworks */,
				188A71A624AC9F170088BDFA /* Resources */,
				ACA5398F74C45C492957012D /* [CP] Embed Pods Frameworks */,
				18BD725224AE21300048108F /* ShellScript */,
			);
			buildRules = (
			);
			dependencies = (
			);
			name = Project_New;
			productName = Project_New;
			productReference = 188A71A824AC9F170088BDFA /* Project_New.app */;
			productType = "com.apple.product-type.application";
		};
		188A71BD24AC9F4D0088BDFA /* Project_NewTests */ = {
			isa = PBXNativeTarget;
			buildConfigurationList = 188A71D524AC9F4D0088BDFA /* Build configuration list for PBXNativeTarget "Project_NewTests" */;
			buildPhases = (
				FEC32FF274322E8C0FD2FC3C /* [CP] Check Pods Manifest.lock */,
				188A71BA24AC9F4D0088BDFA /* Sources */,
				188A71BB24AC9F4D0088BDFA /* Frameworks */,
				188A71BC24AC9F4D0088BDFA /* Resources */,
			);
			buildRules = (
			);
			dependencies = (
				188A71C024AC9F4D0088BDFA /* PBXTargetDependency */,
			);
			name = Project_NewTests;
			productName = Project_NewTests;
			productReference = 188A71BE24AC9F4D0088BDFA /* Project_NewTests.xctest */;
			productType = "com.apple.product-type.bundle.unit-test";
		};
		188A71C824AC9F4D0088BDFA /* Project_NewUITests */ = {
			isa = PBXNativeTarget;
			buildConfigurationList = 188A71D824AC9F4D0088BDFA /* Build configuration list for PBXNativeTarget "Project_NewUITests" */;
			buildPhases = (
				188A71C524AC9F4D0088BDFA /* Sources */,
				188A71C624AC9F4D0088BDFA /* Frameworks */,
				188A71C724AC9F4D0088BDFA /* Resources */,
			);
			buildRules = (
			);
			dependencies = (
				188A71CB24AC9F4D0088BDFA /* PBXTargetDependency */,
			);
			name = Project_NewUITests;
			productName = Project_NewUITests;
			productReference = 188A71C924AC9F4D0088BDFA /* Project_NewUITests.xctest */;
			productType = "com.apple.product-type.bundle.ui-testing";
		};
/* End PBXNativeTarget section */

/* Begin PBXProject section */
		188A71A024AC9F170088BDFA /* Project object */ = {
			isa = PBXProject;
			attributes = {
				LastSwiftUpdateCheck = 1150;
				LastUpgradeCheck = 1150;
				ORGANIZATIONNAME = Apple;
				TargetAttributes = {
					188A71A724AC9F170088BDFA = {
						CreatedOnToolsVersion = 11.5;
					};
					188A71BD24AC9F4D0088BDFA = {
						CreatedOnToolsVersion = 11.5;
						TestTargetID = 188A71A724AC9F170088BDFA;
					};
					188A71C824AC9F4D0088BDFA = {
						CreatedOnToolsVersion = 11.5;
						TestTargetID = 188A71A724AC9F170088BDFA;
					};
				};
			};
			buildConfigurationList = 188A71A324AC9F170088BDFA /* Build configuration list for PBXProject "Project_New" */;
			compatibilityVersion = "Xcode 9.3";
			developmentRegion = en;
			hasScannedForEncodings = 0;
			knownRegions = (
				en,
				Base,
			);
			mainGroup = 188A719F24AC9F170088BDFA;
			productRefGroup = 188A71A924AC9F170088BDFA /* Products */;
			projectDirPath = "";
			projectRoot = "";
			targets = (
				188A71A724AC9F170088BDFA /* Project_New */,
				188A71BD24AC9F4D0088BDFA /* Project_NewTests */,
				188A71C824AC9F4D0088BDFA /* Project_NewUITests */,
			);
		};
/* End PBXProject section */

/* Begin PBXResourcesBuildPhase section */
		188A71A624AC9F170088BDFA /* Resources */ = {
			isa = PBXResourcesBuildPhase;
			buildActionMask = 2147483647;
			files = (
				18BD725824AE28080048108F /* .swiftlint.yml in Resources */,
				188A71B824AC9F4B0088BDFA /* LaunchScreen.storyboard in Resources */,
				188A71B524AC9F4B0088BDFA /* Assets.xcassets in Resources */,
				181C9BBD24B2B0BF007DE048 /* Default-568h@2x.png in Resources */,
				188A71B324AC9F180088BDFA /* Main.storyboard in Resources */,
			);
			runOnlyForDeploymentPostprocessing = 0;
		};
		188A71BC24AC9F4D0088BDFA /* Resources */ = {
			isa = PBXResourcesBuildPhase;
			buildActionMask = 2147483647;
			files = (
			);
			runOnlyForDeploymentPostprocessing = 0;
		};
		188A71C724AC9F4D0088BDFA /* Resources */ = {
			isa = PBXResourcesBuildPhase;
			buildActionMask = 2147483647;
			files = (
			);
			runOnlyForDeploymentPostprocessing = 0;
		};
/* End PBXResourcesBuildPhase section */

/* Begin PBXShellScriptBuildPhase section */
		18BD725224AE21300048108F /* ShellScript */ = {
			isa = PBXShellScriptBuildPhase;
			buildActionMask = 2147483647;
			files = (
			);
			inputFileListPaths = (
			);
			inputPaths = (
			);
			outputFileListPaths = (
			);
			outputPaths = (
			);
			runOnlyForDeploymentPostprocessing = 0;
			shellPath = /bin/sh;
			shellScript = "if which swiftlint >/dev/null; then\nswiftlint\nelse\necho \"warning: SwiftLint not installed, download from https://github.com/realm/SwiftLint\"\nfi\n\n";
		};
		ACA5398F74C45C492957012D /* [CP] Embed Pods Frameworks */ = {
			isa = PBXShellScriptBuildPhase;
			buildActionMask = 2147483647;
			files = (
			);
			inputFileListPaths = (
				"${PODS_ROOT}/Target Support Files/Pods-Project_New/Pods-Project_New-frameworks-${CONFIGURATION}-input-files.xcfilelist",
			);
			name = "[CP] Embed Pods Frameworks";
			outputFileListPaths = (
				"${PODS_ROOT}/Target Support Files/Pods-Project_New/Pods-Project_New-frameworks-${CONFIGURATION}-output-files.xcfilelist",
			);
			runOnlyForDeploymentPostprocessing = 0;
			shellPath = /bin/sh;
			shellScript = "\"${PODS_ROOT}/Target Support Files/Pods-Project_New/Pods-Project_New-frameworks.sh\"\n";
			showEnvVarsInLog = 0;
		};
		D0C8CA1F8E94B1384E49873D /* [CP] Check Pods Manifest.lock */ = {
			isa = PBXShellScriptBuildPhase;
			buildActionMask = 2147483647;
			files = (
			);
			inputFileListPaths = (
			);
			inputPaths = (
				"${PODS_PODFILE_DIR_PATH}/Podfile.lock",
				"${PODS_ROOT}/Manifest.lock",
			);
			name = "[CP] Check Pods Manifest.lock";
			outputFileListPaths = (
			);
			outputPaths = (
				"$(DERIVED_FILE_DIR)/Pods-Project_New-checkManifestLockResult.txt",
			);
			runOnlyForDeploymentPostprocessing = 0;
			shellPath = /bin/sh;
			shellScript = "diff \"${PODS_PODFILE_DIR_PATH}/Podfile.lock\" \"${PODS_ROOT}/Manifest.lock\" > /dev/null\nif [ $? != 0 ] ; then\n    # print error to STDERR\n    echo \"error: The sandbox is not in sync with the Podfile.lock. Run 'pod install' or update your CocoaPods installation.\" >&2\n    exit 1\nfi\n# This output is used by Xcode 'outputs' to avoid re-running this script phase.\necho \"SUCCESS\" > \"${SCRIPT_OUTPUT_FILE_0}\"\n";
			showEnvVarsInLog = 0;
		};
		FEC32FF274322E8C0FD2FC3C /* [CP] Check Pods Manifest.lock */ = {
			isa = PBXShellScriptBuildPhase;
			buildActionMask = 2147483647;
			files = (
			);
			inputFileListPaths = (
			);
			inputPaths = (
				"${PODS_PODFILE_DIR_PATH}/Podfile.lock",
				"${PODS_ROOT}/Manifest.lock",
			);
			name = "[CP] Check Pods Manifest.lock";
			outputFileListPaths = (
			);
			outputPaths = (
				"$(DERIVED_FILE_DIR)/Pods-Project_NewTests-checkManifestLockResult.txt",
			);
			runOnlyForDeploymentPostprocessing = 0;
			shellPath = /bin/sh;
			shellScript = "diff \"${PODS_PODFILE_DIR_PATH}/Podfile.lock\" \"${PODS_ROOT}/Manifest.lock\" > /dev/null\nif [ $? != 0 ] ; then\n    # print error to STDERR\n    echo \"error: The sandbox is not in sync with the Podfile.lock. Run 'pod install' or update your CocoaPods installation.\" >&2\n    exit 1\nfi\n# This output is used by Xcode 'outputs' to avoid re-running this script phase.\necho \"SUCCESS\" > \"${SCRIPT_OUTPUT_FILE_0}\"\n";
			showEnvVarsInLog = 0;
		};
/* End PBXShellScriptBuildPhase section */

/* Begin PBXSourcesBuildPhase section */
		188A71A424AC9F170088BDFA /* Sources */ = {
			isa = PBXSourcesBuildPhase;
			buildActionMask = 2147483647;
			files = (
				188A71F224ACBC170088BDFA /* CellViewModel.swift in Sources */,
				188A71ED24ACBA850088BDFA /* Observable.swift in Sources */,
				188A71F024ACBB670088BDFA /* UserContent.swift in Sources */,
				188A71E524ACB3570088BDFA /* BaseViewController.swift in Sources */,
				188A71DD24ACB1850088BDFA /* CustomExtension.swift in Sources */,
				188A71EA24ACB6F10088BDFA /* UserContentViewModel.swift in Sources */,
				188A71AC24AC9F180088BDFA /* AppDelegate.swift in Sources */,
				188A71FD24ACC0420088BDFA /* AppManager.swift in Sources */,
				188A71FA24ACBFF00088BDFA /* UserContentAPI.swift in Sources */,
				188A71E724ACB3990088BDFA /* UserContentListViewController.swift in Sources */,
				188A71AE24AC9F180088BDFA /* SceneDelegate.swift in Sources */,
				188A71E024ACB1CA0088BDFA /* Constants.swift in Sources */,
				188A71F524ACBC820088BDFA /* UserContentListTableViewCell.swift in Sources */,
				188A71F824ACBF9B0088BDFA /* BaseRestAPI.swift in Sources */,
			);
			runOnlyForDeploymentPostprocessing = 0;
		};
		188A71BA24AC9F4D0088BDFA /* Sources */ = {
			isa = PBXSourcesBuildPhase;
			buildActionMask = 2147483647;
			files = (
				18BD725A24AE2DB20048108F /* APIResponseCheck.swift in Sources */,
				188A71C324AC9F4D0088BDFA /* Project_NewTests.swift in Sources */,
			);
			runOnlyForDeploymentPostprocessing = 0;
		};
		188A71C524AC9F4D0088BDFA /* Sources */ = {
			isa = PBXSourcesBuildPhase;
			buildActionMask = 2147483647;
			files = (
			);
			runOnlyForDeploymentPostprocessing = 0;
		};
/* End PBXSourcesBuildPhase section */

/* Begin PBXTargetDependency section */
		188A71C024AC9F4D0088BDFA /* PBXTargetDependency */ = {
			isa = PBXTargetDependency;
			target = 188A71A724AC9F170088BDFA /* Project_New */;
			targetProxy = 188A71BF24AC9F4D0088BDFA /* PBXContainerItemProxy */;
		};
		188A71CB24AC9F4D0088BDFA /* PBXTargetDependency */ = {
			isa = PBXTargetDependency;
			target = 188A71A724AC9F170088BDFA /* Project_New */;
			targetProxy = 188A71CA24AC9F4D0088BDFA /* PBXContainerItemProxy */;
		};
/* End PBXTargetDependency section */

/* Begin PBXVariantGroup section */
		188A71B124AC9F180088BDFA /* Main.storyboard */ = {
			isa = PBXVariantGroup;
			children = (
				188A71B224AC9F180088BDFA /* Base */,
			);
			name = Main.storyboard;
			sourceTree = "<group>";
		};
		188A71B624AC9F4B0088BDFA /* LaunchScreen.storyboard */ = {
			isa = PBXVariantGroup;
			children = (
				188A71B724AC9F4B0088BDFA /* Base */,
			);
			name = LaunchScreen.storyboard;
			sourceTree = "<group>";
		};
/* End PBXVariantGroup section */

/* Begin XCBuildConfiguration section */
		188A71D024AC9F4D0088BDFA /* Debug */ = {
			isa = XCBuildConfiguration;
			buildSettings = {
				ALWAYS_SEARCH_USER_PATHS = NO;
				CLANG_ANALYZER_NONNULL = YES;
				CLANG_ANALYZER_NUMBER_OBJECT_CONVERSION = YES_AGGRESSIVE;
				CLANG_CXX_LANGUAGE_STANDARD = "gnu++14";
				CLANG_CXX_LIBRARY = "libc++";
				CLANG_ENABLE_MODULES = YES;
				CLANG_ENABLE_OBJC_ARC = YES;
				CLANG_ENABLE_OBJC_WEAK = YES;
				CLANG_WARN_BLOCK_CAPTURE_AUTORELEASING = YES;
				CLANG_WARN_BOOL_CONVERSION = YES;
				CLANG_WARN_COMMA = YES;
				CLANG_WARN_CONSTANT_CONVERSION = YES;
				CLANG_WARN_DEPRECATED_OBJC_IMPLEMENTATIONS = YES;
				CLANG_WARN_DIRECT_OBJC_ISA_USAGE = YES_ERROR;
				CLANG_WARN_DOCUMENTATION_COMMENTS = YES;
				CLANG_WARN_EMPTY_BODY = YES;
				CLANG_WARN_ENUM_CONVERSION = YES;
				CLANG_WARN_INFINITE_RECURSION = YES;
				CLANG_WARN_INT_CONVERSION = YES;
				CLANG_WARN_NON_LITERAL_NULL_CONVERSION = YES;
				CLANG_WARN_OBJC_IMPLICIT_RETAIN_SELF = YES;
				CLANG_WARN_OBJC_LITERAL_CONVERSION = YES;
				CLANG_WARN_OBJC_ROOT_CLASS = YES_ERROR;
				CLANG_WARN_RANGE_LOOP_ANALYSIS = YES;
				CLANG_WARN_STRICT_PROTOTYPES = YES;
				CLANG_WARN_SUSPICIOUS_MOVE = YES;
				CLANG_WARN_UNGUARDED_AVAILABILITY = YES_AGGRESSIVE;
				CLANG_WARN_UNREACHABLE_CODE = YES;
				CLANG_WARN__DUPLICATE_METHOD_MATCH = YES;
				COPY_PHASE_STRIP = NO;
				DEBUG_INFORMATION_FORMAT = dwarf;
				ENABLE_STRICT_OBJC_MSGSEND = YES;
				ENABLE_TESTABILITY = YES;
				GCC_C_LANGUAGE_STANDARD = gnu11;
				GCC_DYNAMIC_NO_PIC = NO;
				GCC_NO_COMMON_BLOCKS = YES;
				GCC_OPTIMIZATION_LEVEL = 0;
				GCC_PREPROCESSOR_DEFINITIONS = (
					"DEBUG=1",
					"$(inherited)",
				);
				GCC_WARN_64_TO_32_BIT_CONVERSION = YES;
				GCC_WARN_ABOUT_RETURN_TYPE = YES_ERROR;
				GCC_WARN_UNDECLARED_SELECTOR = YES;
				GCC_WARN_UNINITIALIZED_AUTOS = YES_AGGRESSIVE;
				GCC_WARN_UNUSED_FUNCTION = YES;
				GCC_WARN_UNUSED_VARIABLE = YES;
				IPHONEOS_DEPLOYMENT_TARGET = 13.5;
				MTL_ENABLE_DEBUG_INFO = INCLUDE_SOURCE;
				MTL_FAST_MATH = YES;
				ONLY_ACTIVE_ARCH = YES;
				SDKROOT = iphoneos;
				SWIFT_ACTIVE_COMPILATION_CONDITIONS = DEBUG;
				SWIFT_OPTIMIZATION_LEVEL = "-Onone";
			};
			name = Debug;
		};
		188A71D124AC9F4D0088BDFA /* Release */ = {
			isa = XCBuildConfiguration;
			buildSettings = {
				ALWAYS_SEARCH_USER_PATHS = NO;
				CLANG_ANALYZER_NONNULL = YES;
				CLANG_ANALYZER_NUMBER_OBJECT_CONVERSION = YES_AGGRESSIVE;
				CLANG_CXX_LANGUAGE_STANDARD = "gnu++14";
				CLANG_CXX_LIBRARY = "libc++";
				CLANG_ENABLE_MODULES = YES;
				CLANG_ENABLE_OBJC_ARC = YES;
				CLANG_ENABLE_OBJC_WEAK = YES;
				CLANG_WARN_BLOCK_CAPTURE_AUTORELEASING = YES;
				CLANG_WARN_BOOL_CONVERSION = YES;
				CLANG_WARN_COMMA = YES;
				CLANG_WARN_CONSTANT_CONVERSION = YES;
				CLANG_WARN_DEPRECATED_OBJC_IMPLEMENTATIONS = YES;
				CLANG_WARN_DIRECT_OBJC_ISA_USAGE = YES_ERROR;
				CLANG_WARN_DOCUMENTATION_COMMENTS = YES;
				CLANG_WARN_EMPTY_BODY = YES;
				CLANG_WARN_ENUM_CONVERSION = YES;
				CLANG_WARN_INFINITE_RECURSION = YES;
				CLANG_WARN_INT_CONVERSION = YES;
				CLANG_WARN_NON_LITERAL_NULL_CONVERSION = YES;
				CLANG_WARN_OBJC_IMPLICIT_RETAIN_SELF = YES;
				CLANG_WARN_OBJC_LITERAL_CONVERSION = YES;
				CLANG_WARN_OBJC_ROOT_CLASS = YES_ERROR;
				CLANG_WARN_RANGE_LOOP_ANALYSIS = YES;
				CLANG_WARN_STRICT_PROTOTYPES = YES;
				CLANG_WARN_SUSPICIOUS_MOVE = YES;
				CLANG_WARN_UNGUARDED_AVAILABILITY = YES_AGGRESSIVE;
				CLANG_WARN_UNREACHABLE_CODE = YES;
				CLANG_WARN__DUPLICATE_METHOD_MATCH = YES;
				COPY_PHASE_STRIP = NO;
				DEBUG_INFORMATION_FORMAT = "dwarf-with-dsym";
				ENABLE_NS_ASSERTIONS = NO;
				ENABLE_STRICT_OBJC_MSGSEND = YES;
				GCC_C_LANGUAGE_STANDARD = gnu11;
				GCC_NO_COMMON_BLOCKS = YES;
				GCC_WARN_64_TO_32_BIT_CONVERSION = YES;
				GCC_WARN_ABOUT_RETURN_TYPE = YES_ERROR;
				GCC_WARN_UNDECLARED_SELECTOR = YES;
				GCC_WARN_UNINITIALIZED_AUTOS = YES_AGGRESSIVE;
				GCC_WARN_UNUSED_FUNCTION = YES;
				GCC_WARN_UNUSED_VARIABLE = YES;
				IPHONEOS_DEPLOYMENT_TARGET = 13.5;
				MTL_ENABLE_DEBUG_INFO = NO;
				MTL_FAST_MATH = YES;
				SDKROOT = iphoneos;
				SWIFT_COMPILATION_MODE = wholemodule;
				SWIFT_OPTIMIZATION_LEVEL = "-O";
				VALIDATE_PRODUCT = YES;
			};
			name = Release;
		};
		188A71D324AC9F4D0088BDFA /* Debug */ = {
			isa = XCBuildConfiguration;
			baseConfigurationReference = C474744ABBE84DA581376792 /* Pods-Project_New.debug.xcconfig */;
			buildSettings = {
				ASSETCATALOG_COMPILER_APPICON_NAME = AppIcon;
				CODE_SIGN_STYLE = Automatic;
				DEVELOPMENT_TEAM = 4F43J5ED3X;
				INFOPLIST_FILE = Project_New/Info.plist;
				LD_RUNPATH_SEARCH_PATHS = (
					"$(inherited)",
					"@executable_path/Frameworks",
				);
				PRODUCT_BUNDLE_IDENTIFIER = "com.rupam.Project-New";
				PRODUCT_NAME = "$(TARGET_NAME)";
				SWIFT_VERSION = 4.2;
				TARGETED_DEVICE_FAMILY = "1,2";
			};
			name = Debug;
		};
		188A71D424AC9F4D0088BDFA /* Release */ = {
			isa = XCBuildConfiguration;
			baseConfigurationReference = 84E3B027E35163DF9DEEF97A /* Pods-Project_New.release.xcconfig */;
			buildSettings = {
				ASSETCATALOG_COMPILER_APPICON_NAME = AppIcon;
				CODE_SIGN_STYLE = Automatic;
				DEVELOPMENT_TEAM = 4F43J5ED3X;
				INFOPLIST_FILE = Project_New/Info.plist;
				LD_RUNPATH_SEARCH_PATHS = (
					"$(inherited)",
					"@executable_path/Frameworks",
				);
				PRODUCT_BUNDLE_IDENTIFIER = "com.rupam.Project-New";
				PRODUCT_NAME = "$(TARGET_NAME)";
				SWIFT_VERSION = 4.2;
				TARGETED_DEVICE_FAMILY = "1,2";
			};
			name = Release;
		};
		188A71D624AC9F4D0088BDFA /* Debug */ = {
			isa = XCBuildConfiguration;
			baseConfigurationReference = D0A0A8D66D44E89A4660BC2B /* Pods-Project_NewTests.debug.xcconfig */;
			buildSettings = {
				ALWAYS_EMBED_SWIFT_STANDARD_LIBRARIES = YES;
				BUNDLE_LOADER = "$(TEST_HOST)";
				CODE_SIGN_STYLE = Automatic;
				DEVELOPMENT_TEAM = 4F43J5ED3X;
				INFOPLIST_FILE = Project_NewTests/Info.plist;
				IPHONEOS_DEPLOYMENT_TARGET = 13.5;
				LD_RUNPATH_SEARCH_PATHS = (
					"$(inherited)",
					"@executable_path/Frameworks",
					"@loader_path/Frameworks",
				);
				PRODUCT_BUNDLE_IDENTIFIER = "com.rupam.Project-NewTests";
				PRODUCT_NAME = "$(TARGET_NAME)";
				SWIFT_VERSION = 5.0;
				TARGETED_DEVICE_FAMILY = "1,2";
				TEST_HOST = "$(BUILT_PRODUCTS_DIR)/Project_New.app/Project_New";
			};
			name = Debug;
		};
		188A71D724AC9F4D0088BDFA /* Release */ = {
			isa = XCBuildConfiguration;
			baseConfigurationReference = E83C80D915E2FDB804023E82 /* Pods-Project_NewTests.release.xcconfig */;
			buildSettings = {
				ALWAYS_EMBED_SWIFT_STANDARD_LIBRARIES = YES;
				BUNDLE_LOADER = "$(TEST_HOST)";
				CODE_SIGN_STYLE = Automatic;
				DEVELOPMENT_TEAM = 4F43J5ED3X;
				INFOPLIST_FILE = Project_NewTests/Info.plist;
				IPHONEOS_DEPLOYMENT_TARGET = 13.5;
				LD_RUNPATH_SEARCH_PATHS = (
					"$(inherited)",
					"@executable_path/Frameworks",
					"@loader_path/Frameworks",
				);
				PRODUCT_BUNDLE_IDENTIFIER = "com.rupam.Project-NewTests";
				PRODUCT_NAME = "$(TARGET_NAME)";
				SWIFT_VERSION = 5.0;
				TARGETED_DEVICE_FAMILY = "1,2";
				TEST_HOST = "$(BUILT_PRODUCTS_DIR)/Project_New.app/Project_New";
			};
			name = Release;
		};
		188A71D924AC9F4D0088BDFA /* Debug */ = {
			isa = XCBuildConfiguration;
			buildSettings = {
				ALWAYS_EMBED_SWIFT_STANDARD_LIBRARIES = YES;
				CODE_SIGN_STYLE = Automatic;
				DEVELOPMENT_TEAM = 4F43J5ED3X;
				INFOPLIST_FILE = Project_NewUITests/Info.plist;
				LD_RUNPATH_SEARCH_PATHS = (
					"$(inherited)",
					"@executable_path/Frameworks",
					"@loader_path/Frameworks",
				);
				PRODUCT_BUNDLE_IDENTIFIER = "com.rupam.Project-NewUITests";
				PRODUCT_NAME = "$(TARGET_NAME)";
				SWIFT_VERSION = 5.0;
				TARGETED_DEVICE_FAMILY = "1,2";
				TEST_TARGET_NAME = Project_New;
			};
			name = Debug;
		};
		188A71DA24AC9F4D0088BDFA /* Release */ = {
			isa = XCBuildConfiguration;
			buildSettings = {
				ALWAYS_EMBED_SWIFT_STANDARD_LIBRARIES = YES;
				CODE_SIGN_STYLE = Automatic;
				DEVELOPMENT_TEAM = 4F43J5ED3X;
				INFOPLIST_FILE = Project_NewUITests/Info.plist;
				LD_RUNPATH_SEARCH_PATHS = (
					"$(inherited)",
					"@executable_path/Frameworks",
					"@loader_path/Frameworks",
				);
				PRODUCT_BUNDLE_IDENTIFIER = "com.rupam.Project-NewUITests";
				PRODUCT_NAME = "$(TARGET_NAME)";
				SWIFT_VERSION = 5.0;
				TARGETED_DEVICE_FAMILY = "1,2";
				TEST_TARGET_NAME = Project_New;
			};
			name = Release;
		};
/* End XCBuildConfiguration section */

/* Begin XCConfigurationList section */
		188A71A324AC9F170088BDFA /* Build configuration list for PBXProject "Project_New" */ = {
			isa = XCConfigurationList;
			buildConfigurations = (
				188A71D024AC9F4D0088BDFA /* Debug */,
				188A71D124AC9F4D0088BDFA /* Release */,
			);
			defaultConfigurationIsVisible = 0;
			defaultConfigurationName = Release;
		};
		188A71D224AC9F4D0088BDFA /* Build configuration list for PBXNativeTarget "Project_New" */ = {
			isa = XCConfigurationList;
			buildConfigurations = (
				188A71D324AC9F4D0088BDFA /* Debug */,
				188A71D424AC9F4D0088BDFA /* Release */,
			);
			defaultConfigurationIsVisible = 0;
			defaultConfigurationName = Release;
		};
		188A71D524AC9F4D0088BDFA /* Build configuration list for PBXNativeTarget "Project_NewTests" */ = {
			isa = XCConfigurationList;
			buildConfigurations = (
				188A71D624AC9F4D0088BDFA /* Debug */,
				188A71D724AC9F4D0088BDFA /* Release */,
			);
			defaultConfigurationIsVisible = 0;
			defaultConfigurationName = Release;
		};
		188A71D824AC9F4D0088BDFA /* Build configuration list for PBXNativeTarget "Project_NewUITests" */ = {
			isa = XCConfigurationList;
			buildConfigurations = (
				188A71D924AC9F4D0088BDFA /* Debug */,
				188A71DA24AC9F4D0088BDFA /* Release */,
			);
			defaultConfigurationIsVisible = 0;
			defaultConfigurationName = Release;
		};
/* End XCConfigurationList section */
	};
	rootObject = 188A71A024AC9F170088BDFA /* Project object */;
}
